# THIS IS AN AUTOGENERATED FILE. DO NOT EDIT THIS FILE DIRECTLY.
# yarn lockfile v1


acorn-globals@^3.0.0:
  version "3.1.0"
  resolved "http://r.cnpmjs.org/acorn-globals/download/acorn-globals-3.1.0.tgz#fd8270f71fbb4996b004fa880ee5d46573a731bf"
  dependencies:
    acorn "^4.0.4"

acorn@^3.1.0, acorn@~3.3.0:
  version "3.3.0"
  resolved "http://r.cnpmjs.org/acorn/download/acorn-3.3.0.tgz#45e37fb39e8da3f25baee3ff5369e2bb5f22017a"

acorn@^4.0.4, acorn@~4.0.2:
  version "4.0.11"
  resolved "http://r.cnpmjs.org/acorn/download/acorn-4.0.11.tgz#edcda3bd937e7556410d42ed5860f67399c794c0"

align-text@^0.1.1, align-text@^0.1.3:
  version "0.1.4"
  resolved "http://r.cnpmjs.org/align-text/download/align-text-0.1.4.tgz#0cd90a561093f35d0a99256c22b7069433fad117"
  dependencies:
    kind-of "^3.0.2"
    longest "^1.0.1"
    repeat-string "^1.5.2"

amdefine@>=0.0.4:
  version "1.0.1"
  resolved "http://r.cnpmjs.org/amdefine/download/amdefine-1.0.1.tgz#4a5282ac164729e93619bcfd3ad151f817ce91f5"

argparse@^1.0.7:
  version "1.0.9"
  resolved "http://r.cnpmjs.org/argparse/download/argparse-1.0.9.tgz#73d83bc263f86e97f8cc4f6bae1b0e90a7d22c86"
  dependencies:
    sprintf-js "~1.0.2"

asap@~2.0.3:
  version "2.0.5"
  resolved "http://r.cnpmjs.org/asap/download/asap-2.0.5.tgz#522765b50c3510490e52d7dcfe085ef9ba96958f"

camelcase@^1.0.2:
  version "1.2.1"
  resolved "http://r.cnpmjs.org/camelcase/download/camelcase-1.2.1.tgz#9bb5304d2e0b56698b2c758b08a3eaa9daa58a39"

center-align@^0.1.1:
  version "0.1.3"
  resolved "http://r.cnpmjs.org/center-align/download/center-align-0.1.3.tgz#aa0d32629b6ee972200411cbd4461c907bc2b7ad"
  dependencies:
    align-text "^0.1.3"
    lazy-cache "^1.0.3"

character-parser@^2.1.1:
  version "2.2.0"
  resolved "http://r.cnpmjs.org/character-parser/download/character-parser-2.2.0.tgz#c7ce28f36d4bcd9744e5ffc2c5fcde1c73261fc0"
  dependencies:
    is-regex "^1.0.3"

clean-css@^3.3.0:
  version "3.4.25"
  resolved "http://r.cnpmjs.org/clean-css/download/clean-css-3.4.25.tgz#9e9a52d5c1e6bc5123e1b2783fa65fe958946ede"
  dependencies:
    commander "2.8.x"
    source-map "0.4.x"

cliui@^2.1.0:
  version "2.1.0"
  resolved "http://r.cnpmjs.org/cliui/download/cliui-2.1.0.tgz#4b475760ff80264c762c3a1719032e91c7fea0d1"
  dependencies:
    center-align "^0.1.1"
    right-align "^0.1.1"
    wordwrap "0.0.2"

commander@2.8.x:
  version "2.8.1"
  resolved "http://r.cnpmjs.org/commander/download/commander-2.8.1.tgz#06be367febfda0c330aa1e2a072d3dc9762425d4"
  dependencies:
    graceful-readlink ">= 1.0.0"

constantinople@^3.0.1:
  version "3.1.0"
  resolved "http://r.cnpmjs.org/constantinople/download/constantinople-3.1.0.tgz#7569caa8aa3f8d5935d62e1fa96f9f702cd81c79"
  dependencies:
    acorn "^3.1.0"
    is-expression "^2.0.1"

decamelize@^1.0.0:
  version "1.2.0"
  resolved "http://r.cnpmjs.org/decamelize/download/decamelize-1.2.0.tgz#f6534d15148269b20352e7bee26f501f9a191290"

doctypes@^1.1.0:
  version "1.1.0"
  resolved "http://r.cnpmjs.org/doctypes/download/doctypes-1.1.0.tgz#ea80b106a87538774e8a3a4a5afe293de489e0a9"

entities@~1.1.1:
  version "1.1.1"
  resolved "http://r.cnpmjs.org/entities/download/entities-1.1.1.tgz#6e5c2d0a5621b5dadaecef80b90edfb5cd7772f0"

function-bind@^1.0.2:
  version "1.1.0"
  resolved "http://r.cnpmjs.org/function-bind/download/function-bind-1.1.0.tgz#16176714c801798e4e8f2cf7f7529467bb4a5771"

"graceful-readlink@>= 1.0.0":
  version "1.0.1"
  resolved "http://r.cnpmjs.org/graceful-readlink/download/graceful-readlink-1.0.1.tgz#4cafad76bc62f02fa039b2f94e9a3dd3a391a725"

has@^1.0.1:
  version "1.0.1"
  resolved "http://r.cnpmjs.org/has/download/has-1.0.1.tgz#8461733f538b0837c9361e39a9ab9e9704dc2f28"
  dependencies:
    function-bind "^1.0.2"

is-buffer@^1.0.2:
  version "1.1.5"
  resolved "http://r.cnpmjs.org/is-buffer/download/is-buffer-1.1.5.tgz#1f3b26ef613b214b88cbca23cc6c01d87961eecc"

is-expression@^2.0.1:
  version "2.1.0"
  resolved "http://r.cnpmjs.org/is-expression/download/is-expression-2.1.0.tgz#91be9d47debcfef077977e9722be6dcfb4465ef0"
  dependencies:
    acorn "~3.3.0"
    object-assign "^4.0.1"

is-expression@^3.0.0:
  version "3.0.0"
  resolved "http://r.cnpmjs.org/is-expression/download/is-expression-3.0.0.tgz#39acaa6be7fd1f3471dc42c7416e61c24317ac9f"
  dependencies:
    acorn "~4.0.2"
    object-assign "^4.0.1"

is-promise@^2.0.0:
  version "2.1.0"
  resolved "http://r.cnpmjs.org/is-promise/download/is-promise-2.1.0.tgz#79a2a9ece7f096e80f36d2b2f3bc16c1ff4bf3fa"

is-regex@^1.0.3:
  version "1.0.4"
  resolved "http://r.cnpmjs.org/is-regex/download/is-regex-1.0.4.tgz#5517489b547091b0930e095654ced25ee97e9491"
  dependencies:
    has "^1.0.1"

js-stringify@^1.0.1:
  version "1.0.2"
  resolved "http://r.cnpmjs.org/js-stringify/download/js-stringify-1.0.2.tgz#1736fddfd9724f28a3682adc6230ae7e4e9679db"

jstransformer-markdown-it@^2.0.0:
  version "2.0.0"
  resolved "http://r.cnpmjs.org/jstransformer-markdown-it/download/jstransformer-markdown-it-2.0.0.tgz#8b44aedbc9465dc935d280be90339b671c16ceb8"
  dependencies:
    markdown-it "^8.0.0"

jstransformer@1.0.0:
  version "1.0.0"
  resolved "http://r.cnpmjs.org/jstransformer/download/jstransformer-1.0.0.tgz#ed8bf0921e2f3f1ed4d5c1a44f68709ed24722c3"
  dependencies:
    is-promise "^2.0.0"
    promise "^7.0.1"

kind-of@^3.0.2:
  version "3.1.0"
  resolved "http://r.cnpmjs.org/kind-of/download/kind-of-3.1.0.tgz#475d698a5e49ff5e53d14e3e732429dc8bf4cf47"
  dependencies:
    is-buffer "^1.0.2"

lazy-cache@^1.0.3:
  version "1.0.4"
  resolved "http://r.cnpmjs.org/lazy-cache/download/lazy-cache-1.0.4.tgz#a1d78fc3a50474cb80845d3b3b6e1da49a446e8e"

linkify-it@^2.0.0:
  version "2.0.3"
  resolved "http://r.cnpmjs.org/linkify-it/download/linkify-it-2.0.3.tgz#d94a4648f9b1c179d64fa97291268bdb6ce9434f"
  dependencies:
    uc.micro "^1.0.1"

longest@^1.0.1:
  version "1.0.1"
  resolved "http://r.cnpmjs.org/longest/download/longest-1.0.1.tgz#30a0b2da38f73770e8294a0d22e6625ed77d0097"

markdown-it@^8.0.0:
  version "8.3.1"
  resolved "http://r.cnpmjs.org/markdown-it/download/markdown-it-8.3.1.tgz#2f4b622948ccdc193d66f3ca2d43125ac4ac7323"
  dependencies:
    argparse "^1.0.7"
    entities "~1.1.1"
    linkify-it "^2.0.0"
    mdurl "^1.0.1"
    uc.micro "^1.0.3"

mdurl@^1.0.1:
  version "1.0.1"
  resolved "http://r.cnpmjs.org/mdurl/download/mdurl-1.0.1.tgz#fe85b2ec75a59037f2adfec100fd6c601761152e"

object-assign@^4.0.1, object-assign@^4.1.0:
  version "4.1.1"
  resolved "http://r.cnpmjs.org/object-assign/download/object-assign-4.1.1.tgz#2109adc7965887cfc05cbbd442cac8bfbb360863"

path-parse@^1.0.5:
  version "1.0.5"
  resolved "http://r.cnpmjs.org/path-parse/download/path-parse-1.0.5.tgz#3c1adf871ea9cd6c9431b6ea2bd74a0ff055c4c1"

promise@^7.0.1:
  version "7.1.1"
  resolved "http://r.cnpmjs.org/promise/download/promise-7.1.1.tgz#489654c692616b8aa55b0724fa809bb7db49c5bf"
  dependencies:
    asap "~2.0.3"

pug-attrs@^2.0.2:
  version "2.0.2"
  resolved "http://r.cnpmjs.org/pug-attrs/download/pug-attrs-2.0.2.tgz#8be2b2225568ffa75d1b866982bff9f4111affcb"
  dependencies:
    constantinople "^3.0.1"
    js-stringify "^1.0.1"
    pug-runtime "^2.0.3"

pug-code-gen@^1.1.1:
  version "1.1.1"
  resolved "http://r.cnpmjs.org/pug-code-gen/download/pug-code-gen-1.1.1.tgz#1cf72744ef2a039eae6a3340caaa1105871258e8"
  dependencies:
    constantinople "^3.0.1"
    doctypes "^1.1.0"
    js-stringify "^1.0.1"
    pug-attrs "^2.0.2"
    pug-error "^1.3.2"
    pug-runtime "^2.0.3"
    void-elements "^2.0.1"
    with "^5.0.0"

pug-error@^1.3.2:
  version "1.3.2"
  resolved "http://r.cnpmjs.org/pug-error/download/pug-error-1.3.2.tgz#53ae7d9d29bb03cf564493a026109f54c47f5f26"

pug-filters@^2.1.1:
  version "2.1.1"
  resolved "http://r.cnpmjs.org/pug-filters/download/pug-filters-2.1.1.tgz#10ab2b6d7e5aeec99cad28a1e4c8085f823fc754"
  dependencies:
    clean-css "^3.3.0"
    constantinople "^3.0.1"
    jstransformer "1.0.0"
    pug-error "^1.3.2"
    pug-walk "^1.1.1"
    resolve "^1.1.6"
    uglify-js "^2.6.1"

pug-lexer@^3.0.0:
  version "3.0.0"
  resolved "http://r.cnpmjs.org/pug-lexer/download/pug-lexer-3.0.0.tgz#173b00a082e5684a60eb0deb5aae4e514a172e26"
  dependencies:
    character-parser "^2.1.1"
    is-expression "^3.0.0"
    pug-error "^1.3.2"

pug-linker@^2.0.2:
  version "2.0.2"
  resolved "http://r.cnpmjs.org/pug-linker/download/pug-linker-2.0.2.tgz#1deca67d741fab46b028c1366f178fbaee620233"
  dependencies:
    pug-error "^1.3.2"
    pug-walk "^1.1.1"

pug-load@^2.0.5:
  version "2.0.5"
  resolved "http://r.cnpmjs.org/pug-load/download/pug-load-2.0.5.tgz#eaaf46ccace8aff7461e0fad1e2b67305514f2c6"
  dependencies:
    object-assign "^4.1.0"
    pug-walk "^1.1.1"

pug-parser@^2.0.2:
  version "2.0.2"
  resolved "http://r.cnpmjs.org/pug-parser/download/pug-parser-2.0.2.tgz#53a680cfd05039dcb0c27d029094bc4a792689b0"
  dependencies:
    pug-error "^1.3.2"
    token-stream "0.0.1"

pug-runtime@^2.0.3:
  version "2.0.3"
  resolved "http://r.cnpmjs.org/pug-runtime/download/pug-runtime-2.0.3.tgz#98162607b0fce9e254d427f33987a5aee7168bda"

pug-strip-comments@^1.0.2:
  version "1.0.2"
  resolved "http://r.cnpmjs.org/pug-strip-comments/download/pug-strip-comments-1.0.2.tgz#d313afa01bcc374980e1399e23ebf2eb9bdc8513"
  dependencies:
    pug-error "^1.3.2"

pug-walk@^1.1.1:
  version "1.1.1"
  resolved "http://r.cnpmjs.org/pug-walk/download/pug-walk-1.1.1.tgz#b9976240d213692e6993fbc13ae1205c54052efe"

pug@^2.0.0-beta11:
  version "2.0.0-beta11"
  resolved "http://r.cnpmjs.org/pug/download/pug-2.0.0-beta11.tgz#15abe6af5004c7e2cf4613e4b27465c9546b5f01"
  dependencies:
    pug-code-gen "^1.1.1"
    pug-filters "^2.1.1"
    pug-lexer "^3.0.0"
    pug-linker "^2.0.2"
    pug-load "^2.0.5"
    pug-parser "^2.0.2"
    pug-runtime "^2.0.3"
    pug-strip-comments "^1.0.2"

repeat-string@^1.5.2:
  version "1.6.1"
  resolved "http://r.cnpmjs.org/repeat-string/download/repeat-string-1.6.1.tgz#8dcae470e1c88abc2d600fff4a776286da75e637"

resolve@^1.1.6:
  version "1.3.2"
  resolved "http://r.cnpmjs.org/resolve/download/resolve-1.3.2.tgz#1f0442c9e0cbb8136e87b9305f932f46c7f28235"
  dependencies:
    path-parse "^1.0.5"

right-align@^0.1.1:
  version "0.1.3"
  resolved "http://r.cnpmjs.org/right-align/download/right-align-0.1.3.tgz#61339b722fe6a3515689210d24e14c96148613ef"
  dependencies:
    align-text "^0.1.1"

source-map@0.4.x:
  version "0.4.4"
  resolved "http://r.cnpmjs.org/source-map/download/source-map-0.4.4.tgz#eba4f5da9c0dc999de68032d8b4f76173652036b"
  dependencies:
    amdefine ">=0.0.4"

source-map@~0.5.1:
  version "0.5.6"
  resolved "http://r.cnpmjs.org/source-map/download/source-map-0.5.6.tgz#75ce38f52bf0733c5a7f0c118d81334a2bb5f412"

sprintf-js@~1.0.2:
  version "1.0.3"
  resolved "http://r.cnpmjs.org/sprintf-js/download/sprintf-js-1.0.3.tgz#04e6926f662895354f3dd015203633b857297e2c"

token-stream@0.0.1:
  version "0.0.1"
  resolved "http://r.cnpmjs.org/token-stream/download/token-stream-0.0.1.tgz#ceeefc717a76c4316f126d0b9dbaa55d7e7df01a"

uc.micro@^1.0.1, uc.micro@^1.0.3:
  version "1.0.3"
  resolved "http://r.cnpmjs.org/uc.micro/download/uc.micro-1.0.3.tgz#7ed50d5e0f9a9fb0a573379259f2a77458d50192"

uglify-js@^2.6.1:
  version "2.8.22"
  resolved "http://r.cnpmjs.org/uglify-js/download/uglify-js-2.8.22.tgz#d54934778a8da14903fa29a326fb24c0ab51a1a0"
  dependencies:
    source-map "~0.5.1"
    yargs "~3.10.0"
  optionalDependencies:
    uglify-to-browserify "~1.0.0"

uglify-to-browserify@~1.0.0:
  version "1.0.2"
  resolved "http://r.cnpmjs.org/uglify-to-browserify/download/uglify-to-browserify-1.0.2.tgz#6e0924d6bda6b5afe349e39a6d632850a0f882b7"

void-elements@^2.0.1:
  version "2.0.1"
  resolved "http://r.cnpmjs.org/void-elements/download/void-elements-2.0.1.tgz#c066afb582bb1cb4128d60ea92392e94d5e9dbec"

window-size@0.1.0:
  version "0.1.0"
  resolved "http://r.cnpmjs.org/window-size/download/window-size-0.1.0.tgz#5438cd2ea93b202efa3a19fe8887aee7c94f9c9d"

with@^5.0.0:
  version "5.1.1"
  resolved "http://r.cnpmjs.org/with/download/with-5.1.1.tgz#fa4daa92daf32c4ea94ed453c81f04686b575dfe"
  dependencies:
    acorn "^3.1.0"
    acorn-globals "^3.0.0"

wordwrap@0.0.2:
  version "0.0.2"
  resolved "http://r.cnpmjs.org/wordwrap/download/wordwrap-0.0.2.tgz#b79669bb42ecb409f83d583cad52ca17eaa1643f"

yargs@~3.10.0:
  version "3.10.0"
  resolved "http://r.cnpmjs.org/yargs/download/yargs-3.10.0.tgz#f7ee7bd857dd7c1d2d38c0e74efbd681d1431fd1"
  dependencies:
    camelcase "^1.0.2"
    cliui "^2.1.0"
    decamelize "^1.0.0"
    window-size "0.1.0"
